
Microsoft Visual Studio Solution File, Format Version 12.00
# Visual Studio 15
VisualStudioVersion = 15.0.28010.2026
MinimumVisualStudioVersion = 10.0.40219.1
Project("{9A19103F-16F7-4668-BE54-9A1E7A4F7556}") = "PixivRankBot", "PixIvRankBot\PixivRankBot.csproj", "{151D0D41-643F-43A7-BA4C-BA336CA33266}"
EndProject
Global
	GlobalSection(SolutionConfigurationPlatforms) = preSolution
		Debug|Any CPU = Debug|Any CPU
		Release|Any CPU = Release|Any CPU
	EndGlobalSection
	GlobalSection(ProjectConfigurationPlatforms) = postSolution
		{151D0D41-643F-43A7-BA4C-BA336CA33266}.Debug|Any CPU.ActiveCfg = Debug|Any CPU
		{151D0D41-643F-43A7-BA4C-BA336CA33266}.Debug|Any CPU.Build.0 = Debug|Any CPU
		{151D0D41-643F-43A7-BA4C-BA336CA33266}.Release|Any CPU.ActiveCfg = Release|Any CPU
		{151D0D41-643F-43A7-BA4C-BA336CA33266}.Release|Any CPU.Build.0 = Release|Any CPU
	EndGlobalSection
	GlobalSection(SolutionProperties) = preSolution
		HideSolutionNode = FALSE
	EndGlobalSection
	GlobalSection(ExtensibilityGlobals) = postSolution
		SolutionGuid = {52E56395-8EDB-498A-95B9-CC2AC6BB69B4}
	EndGlobalSection
EndGlobal
